{
  "name": "graphql-ts-sdk",
  "version": "1.0.0",
  "lockfileVersion": 2,
  "requires": true,
  "packages": {
    "": {
      "version": "1.0.0",
      "license": "ISC",
      "dependencies": {
        "@commercetools/sdk-client": "^2.1.2",
        "@commercetools/sdk-middleware-auth": "^6.1.4",
        "@commercetools/sdk-middleware-http": "^6.0.11",
        "@commercetools/typescript-sdk": "^0.0.22",
        "dotenv": "^8.2.0"
      }
    },
    "node_modules/@commercetools/sdk-client": {
      "version": "2.1.2",
      "resolved": "https://registry.npmjs.org/@commercetools/sdk-client/-/sdk-client-2.1.2.tgz",
      "integrity": "sha512-YPpK39pkjfedjS1/BFg2d7CrvTeN7vIS5vfiqEkKOtAoUxiNkugv59gRSoh2Em8SOccxyM/skpgHyTqfmJzXug=="
    },
    "node_modules/@commercetools/sdk-middleware-auth": {
      "version": "6.1.4",
      "resolved": "https://registry.npmjs.org/@commercetools/sdk-middleware-auth/-/sdk-middleware-auth-6.1.4.tgz",
      "integrity": "sha512-49R1DWsA+pNHH7/2K6QU5wnJSXabljKA8dvzs5HcbLwutlDp3Io0XHgIJa9qpfYhgW6k0h9dPICcLbESrQBXYw==",
      "dependencies": {
        "node-fetch": "^2.3.0"
      }
    },
    "node_modules/@commercetools/sdk-middleware-http": {
      "version": "6.0.11",
      "resolved": "https://registry.npmjs.org/@commercetools/sdk-middleware-http/-/sdk-middleware-http-6.0.11.tgz",
      "integrity": "sha512-9Keb5rv6fvdA9qdehBEjk/JMrAzlBbg76TodsvhCZZZteaO0+ybjFgtV0ekdGyI4awxOxgsiPDZrTmQNvnI5Wg=="
    },
    "node_modules/@commercetools/typescript-sdk": {
      "version": "0.0.22",
      "resolved": "https://registry.npmjs.org/@commercetools/typescript-sdk/-/typescript-sdk-0.0.22.tgz",
      "integrity": "sha512-IbA18Da5mLP2MbZxEfLP1GDdO7S2AFjn+Z1kIKXON3y+uofI8YxpCeWx+Trnk4eoIbFADT9advgZt2TKa7Iqdg==",
      "dependencies": {
        "regenerator-runtime": "^0.13.2"
      }
    },
    "node_modules/dotenv": {
      "version": "8.2.0",
      "resolved": "https://registry.npmjs.org/dotenv/-/dotenv-8.2.0.tgz",
      "integrity": "sha512-8sJ78ElpbDJBHNeBzUbUVLsqKdccaa/BXF1uPTw3GrvQTBgrQrtObr2mUrE38vzYd8cEv+m/JBfDLioYcfXoaw==",
      "engines": {
        "node": ">=8"
      }
    },
    "node_modules/node-fetch": {
      "version": "2.6.1",
      "resolved": "https://registry.npmjs.org/node-fetch/-/node-fetch-2.6.1.tgz",
      "integrity": "sha512-V4aYg89jEoVRxRb2fJdAg8FHvI7cEyYdVAh94HH0UIK8oJxUfkjlDQN9RbMx+bEjP7+ggMiFRprSti032Oipxw==",
      "engines": {
        "node": "4.x || >=6.0.0"
      }
    },
    "node_modules/regenerator-runtime": {
      "version": "0.13.7",
      "resolved": "https://registry.npmjs.org/regenerator-runtime/-/regenerator-runtime-0.13.7.tgz",
      "integrity": "sha512-a54FxoJDIr27pgf7IgeQGxmqUNYrcV338lf/6gH456HZ/PhX+5BcwHXG9ajESmwe6WRO0tAzRUrRmNONWgkrew=="
    }
  },
  "dependencies": {
    "@commercetools/sdk-client": {
      "version": "2.1.2",
      "resolved": "https://registry.npmjs.org/@commercetools/sdk-client/-/sdk-client-2.1.2.tgz",
      "integrity": "sha512-YPpK39pkjfedjS1/BFg2d7CrvTeN7vIS5vfiqEkKOtAoUxiNkugv59gRSoh2Em8SOccxyM/skpgHyTqfmJzXug=="
    },
    "@commercetools/sdk-middleware-auth": {
      "version": "6.1.4",
      "resolved": "https://registry.npmjs.org/@commercetools/sdk-middleware-auth/-/sdk-middleware-auth-6.1.4.tgz",
      "integrity": "sha512-49R1DWsA+pNHH7/2K6QU5wnJSXabljKA8dvzs5HcbLwutlDp3Io0XHgIJa9qpfYhgW6k0h9dPICcLbESrQBXYw==",
      "requires": {
        "node-fetch": "^2.3.0"
      }
    },
    "@commercetools/sdk-middleware-http": {
      "version": "6.0.11",
      "resolved": "https://registry.npmjs.org/@commercetools/sdk-middleware-http/-/sdk-middleware-http-6.0.11.tgz",
      "integrity": "sha512-9Keb5rv6fvdA9qdehBEjk/JMrAzlBbg76TodsvhCZZZteaO0+ybjFgtV0ekdGyI4awxOxgsiPDZrTmQNvnI5Wg=="
    },
    "@commercetools/typescript-sdk": {
      "version": "0.0.22",
      "resolved": "https://registry.npmjs.org/@commercetools/typescript-sdk/-/typescript-sdk-0.0.22.tgz",
      "integrity": "sha512-IbA18Da5mLP2MbZxEfLP1GDdO7S2AFjn+Z1kIKXON3y+uofI8YxpCeWx+Trnk4eoIbFADT9advgZt2TKa7Iqdg==",
      "requires": {
        "regenerator-runtime": "^0.13.2"
      }
    },
    "dotenv": {
      "version": "8.2.0",
      "resolved": "https://registry.npmjs.org/dotenv/-/dotenv-8.2.0.tgz",
      "integrity": "sha512-8sJ78ElpbDJBHNeBzUbUVLsqKdccaa/BXF1uPTw3GrvQTBgrQrtObr2mUrE38vzYd8cEv+m/JBfDLioYcfXoaw=="
    },
    "node-fetch": {
      "version": "2.6.1",
      "resolved": "https://registry.npmjs.org/node-fetch/-/node-fetch-2.6.1.tgz",
      "integrity": "sha512-V4aYg89jEoVRxRb2fJdAg8FHvI7cEyYdVAh94HH0UIK8oJxUfkjlDQN9RbMx+bEjP7+ggMiFRprSti032Oipxw=="
    },
    "regenerator-runtime": {
      "version": "0.13.7",
      "resolved": "https://registry.npmjs.org/regenerator-runtime/-/regenerator-runtime-0.13.7.tgz",
      "integrity": "sha512-a54FxoJDIr27pgf7IgeQGxmqUNYrcV338lf/6gH456HZ/PhX+5BcwHXG9ajESmwe6WRO0tAzRUrRmNONWgkrew=="
    }
  }
}
